{
  "lockfileVersion": 1,
  "workspaces": {
    "": {
      "name": "@wsdot/types-arcgis-core-adapter",
      "devDependencies": {
        "@biomejs/biome": "2.1.1",
        "@types/bun": "latest",
      },
      "peerDependencies": {
        "@arcgis/core": "^4.33.9",
        "typescript": "^5.8.3",
      },
    },
  },
  "packages": {
    "@arcgis/components-utils": ["@arcgis/components-utils@4.33.10", "", { "dependencies": { "tslib": "^2.8.1" } }, "sha512-QnN9h6mDjUWQPRvqP1CHqgLEQm7GRX0Cf7bIe6JkQHepFQhkjo1o17F5tS+MnCIUo2SGVfDyazSAHBtkClSuRw=="],

    "@arcgis/core": ["@arcgis/core@4.33.9", "", { "dependencies": { "@esri/arcgis-html-sanitizer": "~4.1.0", "@esri/calcite-components": "^3.2.1", "@vaadin/grid": "~24.7.6", "@zip.js/zip.js": "~2.7.62", "luxon": "~3.6.1", "marked": "~15.0.12" } }, "sha512-I6O43kuo53MhDl9ACcc+RFa//vol650XoFjmo6lwqga47lFMULZfHkh5tf9UCEVu8RXPaeQGb2mrrZhXJk6a7Q=="],

    "@arcgis/lumina": ["@arcgis/lumina@4.33.10", "", { "dependencies": { "@arcgis/components-utils": "4.33.10", "@lit-labs/ssr": "^3.2.2", "@lit-labs/ssr-client": "^1.1.7", "@lit/context": "^1.1.5", "csstype": "^3.1.3", "lit": "^3.3.0", "tslib": "^2.8.1" } }, "sha512-l/vbTpedxltW3yzZzWX3f2jV8/vLDz93TBnlxG8NQxyYAHlmQlLPVSxKsvOp8kL1rEx/7jlGBgOU4EXDwzYiHQ=="],

    "@biomejs/biome": ["@biomejs/biome@2.1.1", "", { "optionalDependencies": { "@biomejs/cli-darwin-arm64": "2.1.1", "@biomejs/cli-darwin-x64": "2.1.1", "@biomejs/cli-linux-arm64": "2.1.1", "@biomejs/cli-linux-arm64-musl": "2.1.1", "@biomejs/cli-linux-x64": "2.1.1", "@biomejs/cli-linux-x64-musl": "2.1.1", "@biomejs/cli-win32-arm64": "2.1.1", "@biomejs/cli-win32-x64": "2.1.1" }, "bin": { "biome": "bin/biome" } }, "sha512-HFGYkxG714KzG+8tvtXCJ1t1qXQMzgWzfvQaUjxN6UeKv+KvMEuliInnbZLJm6DXFXwqVi6446EGI0sGBLIYng=="],

    "@biomejs/cli-darwin-arm64": ["@biomejs/cli-darwin-arm64@2.1.1", "", { "os": "darwin", "cpu": "arm64" }, "sha512-2Muinu5ok4tWxq4nu5l19el48cwCY/vzvI7Vjbkf3CYIQkjxZLyj0Ad37Jv2OtlXYaLvv+Sfu1hFeXt/JwRRXQ=="],

    "@biomejs/cli-darwin-x64": ["@biomejs/cli-darwin-x64@2.1.1", "", { "os": "darwin", "cpu": "x64" }, "sha512-cC8HM5lrgKQXLAK+6Iz2FrYW5A62pAAX6KAnRlEyLb+Q3+Kr6ur/sSuoIacqlp1yvmjHJqjYfZjPvHWnqxoEIA=="],

    "@biomejs/cli-linux-arm64": ["@biomejs/cli-linux-arm64@2.1.1", "", { "os": "linux", "cpu": "arm64" }, "sha512-tw4BEbhAUkWPe4WBr6IX04DJo+2jz5qpPzpW/SWvqMjb9QuHY8+J0M23V8EPY/zWU4IG8Ui0XESapR1CB49Q7g=="],

    "@biomejs/cli-linux-arm64-musl": ["@biomejs/cli-linux-arm64-musl@2.1.1", "", { "os": "linux", "cpu": "arm64" }, "sha512-/7FBLnTswu4jgV9ttI3AMIdDGqVEPIZd8I5u2D4tfCoj8rl9dnjrEQbAIDlWhUXdyWlFSz8JypH3swU9h9P+2A=="],

    "@biomejs/cli-linux-x64": ["@biomejs/cli-linux-x64@2.1.1", "", { "os": "linux", "cpu": "x64" }, "sha512-3WJ1GKjU7NzZb6RTbwLB59v9cTIlzjbiFLDB0z4376TkDqoNYilJaC37IomCr/aXwuU8QKkrYoHrgpSq5ffJ4Q=="],

    "@biomejs/cli-linux-x64-musl": ["@biomejs/cli-linux-x64-musl@2.1.1", "", { "os": "linux", "cpu": "x64" }, "sha512-kUu+loNI3OCD2c12cUt7M5yaaSjDnGIksZwKnueubX6c/HWUyi/0mPbTBHR49Me3F0KKjWiKM+ZOjsmC+lUt9g=="],

    "@biomejs/cli-win32-arm64": ["@biomejs/cli-win32-arm64@2.1.1", "", { "os": "win32", "cpu": "arm64" }, "sha512-vEHK0v0oW+E6RUWLoxb2isI3rZo57OX9ZNyyGH701fZPj6Il0Rn1f5DMNyCmyflMwTnIQstEbs7n2BxYSqQx4Q=="],

    "@biomejs/cli-win32-x64": ["@biomejs/cli-win32-x64@2.1.1", "", { "os": "win32", "cpu": "x64" }, "sha512-i2PKdn70kY++KEF/zkQFvQfX1e8SkA8hq4BgC+yE9dZqyLzB/XStY2MvwI3qswlRgnGpgncgqe0QYKVS1blksg=="],

    "@esri/arcgis-html-sanitizer": ["@esri/arcgis-html-sanitizer@4.1.0", "", { "dependencies": { "xss": "1.0.13" } }, "sha512-einEveDJ/k1180NOp78PB/4Hje9eBy3dyOGLLtLn6bSkizpUfCwuYBIXOA7Y3F/k/BsTQXgKqUVwQ0eiscWMdA=="],

    "@esri/calcite-components": ["@esri/calcite-components@3.2.1", "", { "dependencies": { "@arcgis/components-utils": "^4.33.0-next.121", "@arcgis/lumina": "^4.33.0-next.121", "@esri/calcite-ui-icons": "4.2.0", "@floating-ui/dom": "^1.6.12", "@floating-ui/utils": "^0.2.8", "@types/sortablejs": "^1.15.8", "color": "^5.0.0", "composed-offset-position": "^0.0.6", "dayjs": "^1.11.13", "focus-trap": "^7.6.2", "interactjs": "^1.10.27", "lodash-es": "^4.17.21", "sortablejs": "^1.15.6", "timezone-groups": "^0.10.4", "type-fest": "^4.30.1" } }, "sha512-NRBW/bhT4sQM5RAZF7W8/VymaOLgIzaR6yTZFI270Ig4NiQ4DRexjdeo/SwDMBlswFtBw5iya+/h+fAur2+Hlg=="],

    "@esri/calcite-ui-icons": ["@esri/calcite-ui-icons@4.2.0", "", { "bin": { "spriter": "bin/spriter.js" } }, "sha512-GS41gUt1tgnqG+U1a6yDRiKOHmuLST2uyOI7+cJ83JtLJ7CGduH9K6RERabTE2vRYbudaebI8jZgKNSNOHdGzw=="],

    "@floating-ui/core": ["@floating-ui/core@1.7.2", "", { "dependencies": { "@floating-ui/utils": "^0.2.10" } }, "sha512-wNB5ooIKHQc+Kui96jE/n69rHFWAVoxn5CAzL1Xdd8FG03cgY3MLO+GF9U3W737fYDSgPWA6MReKhBQBop6Pcw=="],

    "@floating-ui/dom": ["@floating-ui/dom@1.7.2", "", { "dependencies": { "@floating-ui/core": "^1.7.2", "@floating-ui/utils": "^0.2.10" } }, "sha512-7cfaOQuCS27HD7DX+6ib2OrnW+b4ZBwDNnCcT0uTyidcmyWb03FnQqJybDBoCnpdxwBSfA94UAYlRCt7mV+TbA=="],

    "@floating-ui/utils": ["@floating-ui/utils@0.2.10", "", {}, "sha512-aGTxbpbg8/b5JfU1HXSrbH3wXZuLPJcNEcZQFMxLs3oSzgtVu6nFPkbbGGUvBcUjKV2YyB9Wxxabo+HEH9tcRQ=="],

    "@interactjs/types": ["@interactjs/types@1.10.27", "", {}, "sha512-BUdv0cvs4H5ODuwft2Xp4eL8Vmi3LcihK42z0Ft/FbVJZoRioBsxH+LlsBdK4tAie7PqlKGy+1oyOncu1nQ6eA=="],

    "@lit-labs/ssr": ["@lit-labs/ssr@3.3.1", "", { "dependencies": { "@lit-labs/ssr-client": "^1.1.7", "@lit-labs/ssr-dom-shim": "^1.3.0", "@lit/reactive-element": "^2.0.4", "@parse5/tools": "^0.3.0", "@types/node": "^16.0.0", "enhanced-resolve": "^5.10.0", "lit": "^3.1.2", "lit-element": "^4.0.4", "lit-html": "^3.1.2", "node-fetch": "^3.2.8", "parse5": "^7.1.1" } }, "sha512-JlF1PempxvzrGEpRFrF+Ki0MHzR3HA51SK8Zv0cFpW9p0bPW4k0FeCwrElCu371UEpXF7RcaE2wgYaE1az0XKg=="],

    "@lit-labs/ssr-client": ["@lit-labs/ssr-client@1.1.7", "", { "dependencies": { "@lit/reactive-element": "^2.0.4", "lit": "^3.1.2", "lit-html": "^3.1.2" } }, "sha512-VvqhY/iif3FHrlhkzEPsuX/7h/NqnfxLwVf0p8ghNIlKegRyRqgeaJevZ57s/u/LiFyKgqksRP5n+LmNvpxN+A=="],

    "@lit-labs/ssr-dom-shim": ["@lit-labs/ssr-dom-shim@1.3.0", "", {}, "sha512-nQIWonJ6eFAvUUrSlwyHDm/aE8PBDu5kRpL0vHMg6K8fK3Diq1xdPjTnsJSwxABhaZ+5eBi1btQB5ShUTKo4nQ=="],

    "@lit/context": ["@lit/context@1.1.5", "", { "dependencies": { "@lit/reactive-element": "^1.6.2 || ^2.1.0" } }, "sha512-57KyQD9of4RlBXkOIF1N40/BLY1j+1wLB5wRmB207+VtwNIRfXbanLsB6BsnFYXrycOUIp2d8gqTNGwuW1lE9Q=="],

    "@lit/reactive-element": ["@lit/reactive-element@2.1.0", "", { "dependencies": { "@lit-labs/ssr-dom-shim": "^1.2.0" } }, "sha512-L2qyoZSQClcBmq0qajBVbhYEcG6iK0XfLn66ifLe/RfC0/ihpc+pl0Wdn8bJ8o+hj38cG0fGXRgSS20MuXn7qA=="],

    "@open-wc/dedupe-mixin": ["@open-wc/dedupe-mixin@1.4.0", "", {}, "sha512-Sj7gKl1TLcDbF7B6KUhtvr+1UCxdhMbNY5KxdU5IfMFWqL8oy1ZeAcCANjoB1TL0AJTcPmcCFsCbHf8X2jGDUA=="],

    "@parse5/tools": ["@parse5/tools@0.3.0", "", { "dependencies": { "parse5": "^7.0.0" } }, "sha512-zxRyTHkqb7WQMV8kTNBKWb1BeOFUKXBXTBWuxg9H9hfvQB3IwP6Iw2U75Ia5eyRxPNltmY7E8YAlz6zWwUnjKg=="],

    "@polymer/polymer": ["@polymer/polymer@3.5.2", "", { "dependencies": { "@webcomponents/shadycss": "^1.9.1" } }, "sha512-fWwImY/UH4bb2534DVSaX+Azs2yKg8slkMBHOyGeU2kKx7Xmxp6Lee0jP8p6B3d7c1gFUPB2Z976dTUtX81pQA=="],

    "@types/bun": ["@types/bun@1.2.18", "", { "dependencies": { "bun-types": "1.2.18" } }, "sha512-Xf6RaWVheyemaThV0kUfaAUvCNokFr+bH8Jxp+tTZfx7dAPA8z9ePnP9S9+Vspzuxxx9JRAXhnyccRj3GyCMdQ=="],

    "@types/node": ["@types/node@24.0.12", "", { "dependencies": { "undici-types": "~7.8.0" } }, "sha512-LtOrbvDf5ndC9Xi+4QZjVL0woFymF/xSTKZKPgrrl7H7XoeDvnD+E2IclKVDyaK9UM756W/3BXqSU+JEHopA9g=="],

    "@types/react": ["@types/react@19.1.8", "", { "dependencies": { "csstype": "^3.0.2" } }, "sha512-AwAfQ2Wa5bCx9WP8nZL2uMZWod7J7/JSplxbTmBQ5ms6QpqNYm672H0Vu9ZVKVngQ+ii4R/byguVEUZQyeg44g=="],

    "@types/sortablejs": ["@types/sortablejs@1.15.8", "", {}, "sha512-b79830lW+RZfwaztgs1aVPgbasJ8e7AXtZYHTELNXZPsERt4ymJdjV4OccDbHQAvHrCcFpbF78jkm0R6h/pZVg=="],

    "@types/trusted-types": ["@types/trusted-types@2.0.7", "", {}, "sha512-ScaPdn1dQczgbl0QFTeTOmVHFULt394XJgOQNoyVhZ6r2vLnMLJfBPd53SB52T/3G36VI1/g2MZaX0cwDuXsfw=="],

    "@vaadin/a11y-base": ["@vaadin/a11y-base@24.7.10", "", { "dependencies": { "@open-wc/dedupe-mixin": "^1.3.0", "@polymer/polymer": "^3.0.0", "@vaadin/component-base": "~24.7.10", "lit": "^3.0.0" } }, "sha512-SHq1yNAo24Ypu9O0TwNb5rGPVBw8vuPzg/B/0Eli+lxddQXXfLwauQ9/cPfO9mmhIuoa1Lvml6AYPVwly+WrPw=="],

    "@vaadin/checkbox": ["@vaadin/checkbox@24.7.10", "", { "dependencies": { "@open-wc/dedupe-mixin": "^1.3.0", "@polymer/polymer": "^3.0.0", "@vaadin/a11y-base": "~24.7.10", "@vaadin/component-base": "~24.7.10", "@vaadin/field-base": "~24.7.10", "@vaadin/vaadin-lumo-styles": "~24.7.10", "@vaadin/vaadin-material-styles": "~24.7.10", "@vaadin/vaadin-themable-mixin": "~24.7.10", "lit": "^3.0.0" } }, "sha512-w4URhCFuQfSUswiPoxj7AcO/MUFCU9beWAJjk+Ai30tfftXnAFA/zkXnEc++Y0xirHmgyLO4f5eq7eGesAB0VA=="],

    "@vaadin/component-base": ["@vaadin/component-base@24.7.10", "", { "dependencies": { "@open-wc/dedupe-mixin": "^1.3.0", "@polymer/polymer": "^3.0.0", "@vaadin/vaadin-development-mode-detector": "^2.0.0", "@vaadin/vaadin-usage-statistics": "^2.1.0", "lit": "^3.0.0" } }, "sha512-c2OIWBkkcS8fbAYuK6d5tnPA13pod6YfhWaTLWG4bYhhTqB1NI0kCkfX+ivfi3+fJWxYeb9b3JKyc4XgMfnXIQ=="],

    "@vaadin/field-base": ["@vaadin/field-base@24.7.10", "", { "dependencies": { "@open-wc/dedupe-mixin": "^1.3.0", "@polymer/polymer": "^3.0.0", "@vaadin/a11y-base": "~24.7.10", "@vaadin/component-base": "~24.7.10", "lit": "^3.0.0" } }, "sha512-0m+gn2+KIFQdM1z39jRpQoULKZB/kKreC7frGQnGhd9wej0fXiJaBMZ9B7bHPAP+VZH16qIvdZMK6yi+0YB7WQ=="],

    "@vaadin/grid": ["@vaadin/grid@24.7.10", "", { "dependencies": { "@open-wc/dedupe-mixin": "^1.3.0", "@polymer/polymer": "^3.0.0", "@vaadin/a11y-base": "~24.7.10", "@vaadin/checkbox": "~24.7.10", "@vaadin/component-base": "~24.7.10", "@vaadin/lit-renderer": "~24.7.10", "@vaadin/text-field": "~24.7.10", "@vaadin/vaadin-lumo-styles": "~24.7.10", "@vaadin/vaadin-material-styles": "~24.7.10", "@vaadin/vaadin-themable-mixin": "~24.7.10", "lit": "^3.0.0" } }, "sha512-qC4IXfXpyNxj6RYTt2ZFMjyYnBEpgPsjOmKIBJEkmNv9z/N7139eNTtEnXEuufyoxaskV3YQjiZiXHAmngaS2w=="],

    "@vaadin/icon": ["@vaadin/icon@24.7.10", "", { "dependencies": { "@open-wc/dedupe-mixin": "^1.3.0", "@polymer/polymer": "^3.0.0", "@vaadin/component-base": "~24.7.10", "@vaadin/vaadin-lumo-styles": "~24.7.10", "@vaadin/vaadin-themable-mixin": "~24.7.10", "lit": "^3.0.0" } }, "sha512-5uXltQiYDTb1GTFfB6CydLvCIfs7Y1jpkthZVx1OID/KI/a3Gv7ePN03gy4eNegOWKy8/hnu5lIHFV0RseGPmg=="],

    "@vaadin/input-container": ["@vaadin/input-container@24.7.10", "", { "dependencies": { "@polymer/polymer": "^3.0.0", "@vaadin/component-base": "~24.7.10", "@vaadin/vaadin-lumo-styles": "~24.7.10", "@vaadin/vaadin-material-styles": "~24.7.10", "@vaadin/vaadin-themable-mixin": "~24.7.10", "lit": "^3.0.0" } }, "sha512-X2Z7XBXJRcu4G8tIqZPIAqWq0ysUDh6bZV3RoHgZhJbapQPezEW4tsl7YFpG2DZuyzryFeac4kN0mZtblrWtWg=="],

    "@vaadin/lit-renderer": ["@vaadin/lit-renderer@24.7.10", "", { "dependencies": { "lit": "^3.0.0" } }, "sha512-Fsx483i44sR2jKlYHarnKsdwgPkwMMEt/MhS2P0xhGbMjhj6qT+HeRi7HKYLompm/vhNPdB1UlZrCn7gO5xAEg=="],

    "@vaadin/text-field": ["@vaadin/text-field@24.7.10", "", { "dependencies": { "@open-wc/dedupe-mixin": "^1.3.0", "@polymer/polymer": "^3.0.0", "@vaadin/a11y-base": "~24.7.10", "@vaadin/component-base": "~24.7.10", "@vaadin/field-base": "~24.7.10", "@vaadin/input-container": "~24.7.10", "@vaadin/vaadin-lumo-styles": "~24.7.10", "@vaadin/vaadin-material-styles": "~24.7.10", "@vaadin/vaadin-themable-mixin": "~24.7.10", "lit": "^3.0.0" } }, "sha512-da7Rg6k+uaGKol7J2+fM2HDCOUdIhtub9/xnNi+9fF0Bnfi9dW2c1N+FdSl/fJqlPDYzKVRlPoY+QoyRn8UfHw=="],

    "@vaadin/vaadin-development-mode-detector": ["@vaadin/vaadin-development-mode-detector@2.0.7", "", {}, "sha512-9FhVhr0ynSR3X2ao+vaIEttcNU5XfzCbxtmYOV8uIRnUCtNgbvMOIcyGBvntsX9I5kvIP2dV3cFAOG9SILJzEA=="],

    "@vaadin/vaadin-lumo-styles": ["@vaadin/vaadin-lumo-styles@24.7.10", "", { "dependencies": { "@polymer/polymer": "^3.0.0", "@vaadin/component-base": "~24.7.10", "@vaadin/icon": "~24.7.10", "@vaadin/vaadin-themable-mixin": "~24.7.10" } }, "sha512-RWqL1Qxxl7OSfFpzfMezgOfzsm+fBhr6qv56mvk9XbigzT+d44usaLix3GCYp66rl0+kL4CvEco+ly4woYAV2A=="],

    "@vaadin/vaadin-material-styles": ["@vaadin/vaadin-material-styles@24.7.10", "", { "dependencies": { "@polymer/polymer": "^3.0.0", "@vaadin/component-base": "~24.7.10", "@vaadin/vaadin-themable-mixin": "~24.7.10" } }, "sha512-ECl+GZRsARJaVh7lxdIzI9e9qGxCwc/RnwKBQssGgjph0KcJqxclXl+NtBlu57KoGOU3flgJsm9BcbLpfsaebA=="],

    "@vaadin/vaadin-themable-mixin": ["@vaadin/vaadin-themable-mixin@24.7.10", "", { "dependencies": { "@open-wc/dedupe-mixin": "^1.3.0", "lit": "^3.0.0" } }, "sha512-yWsgsP8FPuvDJdAMwnY2pnXVo/CjVTimuXJJp4pss9Ebparuih/QISxuEg4gBhYAqScWez1Y+AyDqOE2sw5U/Q=="],

    "@vaadin/vaadin-usage-statistics": ["@vaadin/vaadin-usage-statistics@2.1.3", "", { "dependencies": { "@vaadin/vaadin-development-mode-detector": "^2.0.0" } }, "sha512-8r4TNknD7OJQADe3VygeofFR7UNAXZ2/jjBFP5dgI8+2uMfnuGYgbuHivasKr9WSQ64sPej6m8rDoM1uSllXjQ=="],

    "@webcomponents/shadycss": ["@webcomponents/shadycss@1.11.2", "", {}, "sha512-vRq+GniJAYSBmTRnhCYPAPq6THYqovJ/gzGThWbgEZUQaBccndGTi1hdiUP15HzEco0I6t4RCtXyX0rsSmwgPw=="],

    "@zip.js/zip.js": ["@zip.js/zip.js@2.7.63", "", {}, "sha512-B02i6QDMUQ4c+5F9LmliBGA+jFsiEHIlF0eLQ6rWLaQOD3YwI6vyWwGkVCNJnVVguE2xYyr9fAwSD/3valm1/Q=="],

    "bun-types": ["bun-types@1.2.18", "", { "dependencies": { "@types/node": "*" }, "peerDependencies": { "@types/react": "^19" } }, "sha512-04+Eha5NP7Z0A9YgDAzMk5PHR16ZuLVa83b26kH5+cp1qZW4F6FmAURngE7INf4tKOvCE69vYvDEwoNl1tGiWw=="],

    "color": ["color@5.0.0", "", { "dependencies": { "color-convert": "^3.0.1", "color-string": "^2.0.0" } }, "sha512-16BlyiuyLq3MLxpRWyOTiWsO3ii/eLQLJUQXBSNcxMBBSnyt1ee9YUdaozQp03ifwm5woztEZGDbk9RGVuCsdw=="],

    "color-convert": ["color-convert@3.1.0", "", { "dependencies": { "color-name": "^2.0.0" } }, "sha512-TVoqAq8ZDIpK5lsQY874DDnu65CSsc9vzq0wLpNQ6UMBq81GSZocVazPiBbYGzngzBOIRahpkTzCLVe2at4MfA=="],

    "color-name": ["color-name@2.0.0", "", {}, "sha512-SbtvAMWvASO5TE2QP07jHBMXKafgdZz8Vrsrn96fiL+O92/FN/PLARzUW5sKt013fjAprK2d2iCn2hk2Xb5oow=="],

    "color-string": ["color-string@2.0.1", "", { "dependencies": { "color-name": "^2.0.0" } }, "sha512-5z9FbYTZPAo8iKsNEqRNv+OlpBbDcoE+SY9GjLfDUHEfcNNV7tS9eSAlFHEaub/r5tBL9LtskAeq1l9SaoZ5tQ=="],

    "commander": ["commander@2.20.3", "", {}, "sha512-GpVkmM8vF2vQUkj2LvZmD35JxeJOLCwJ9cUkugyk2nuhbv3+mJvpLYYt+0+USMxE+oj+ey/lJEnhZw75x/OMcQ=="],

    "composed-offset-position": ["composed-offset-position@0.0.6", "", { "peerDependencies": { "@floating-ui/utils": "^0.2.5" } }, "sha512-Q7dLompI6lUwd7LWyIcP66r4WcS9u7AL2h8HaeipiRfCRPLMWqRx8fYsjb4OHi6UQFifO7XtNC2IlEJ1ozIFxw=="],

    "cssfilter": ["cssfilter@0.0.10", "", {}, "sha512-FAaLDaplstoRsDR8XGYH51znUN0UY7nMc6Z9/fvE8EXGwvJE9hu7W2vHwx1+bd6gCYnln9nLbzxFTrcO9YQDZw=="],

    "csstype": ["csstype@3.1.3", "", {}, "sha512-M1uQkMl8rQK/szD0LNhtqxIPLpimGm8sOBwU7lLnCpSbTyY3yeU1Vc7l4KT5zT4s/yOxHH5O7tIuuLOCnLADRw=="],

    "data-uri-to-buffer": ["data-uri-to-buffer@4.0.1", "", {}, "sha512-0R9ikRb668HB7QDxT1vkpuUBtqc53YyAwMwGeUFKRojY/NWKvdZ+9UYtRfGmhqNbRkTSVpMbmyhXipFFv2cb/A=="],

    "dayjs": ["dayjs@1.11.13", "", {}, "sha512-oaMBel6gjolK862uaPQOVTA7q3TZhuSvuMQAAglQDOWYO9A91IrAOUJEyKVlqJlHE0vq5p5UXxzdPfMH/x6xNg=="],

    "enhanced-resolve": ["enhanced-resolve@5.18.2", "", { "dependencies": { "graceful-fs": "^4.2.4", "tapable": "^2.2.0" } }, "sha512-6Jw4sE1maoRJo3q8MsSIn2onJFbLTOjY9hlx4DZXmOKvLRd1Ok2kXmAGXaafL2+ijsJZ1ClYbl/pmqr9+k4iUQ=="],

    "entities": ["entities@6.0.1", "", {}, "sha512-aN97NXWF6AWBTahfVOIrB/NShkzi5H7F9r1s9mD3cDj4Ko5f2qhhVoYMibXF7GlLveb/D2ioWay8lxI97Ven3g=="],

    "fetch-blob": ["fetch-blob@3.2.0", "", { "dependencies": { "node-domexception": "^1.0.0", "web-streams-polyfill": "^3.0.3" } }, "sha512-7yAQpD2UMJzLi1Dqv7qFYnPbaPx7ZfFK6PiIxQ4PfkGPyNyl2Ugx+a/umUonmKqjhM4DnfbMvdX6otXq83soQQ=="],

    "focus-trap": ["focus-trap@7.6.5", "", { "dependencies": { "tabbable": "^6.2.0" } }, "sha512-7Ke1jyybbbPZyZXFxEftUtxFGLMpE2n6A+z//m4CRDlj0hW+o3iYSmh8nFlYMurOiJVDmJRilUQtJr08KfIxlg=="],

    "formdata-polyfill": ["formdata-polyfill@4.0.10", "", { "dependencies": { "fetch-blob": "^3.1.2" } }, "sha512-buewHzMvYL29jdeQTVILecSaZKnt/RJWjoZCF5OW60Z67/GmSLBkOFM7qh1PI3zFNtJbaZL5eQu1vLfazOwj4g=="],

    "graceful-fs": ["graceful-fs@4.2.11", "", {}, "sha512-RbJ5/jmFcNNCcDV5o9eTnBLJ/HszWV0P73bc+Ff4nS/rJj+YaS6IGyiOL0VoBYX+l1Wrl3k63h/KrH+nhJ0XvQ=="],

    "interactjs": ["interactjs@1.10.27", "", { "dependencies": { "@interactjs/types": "1.10.27" } }, "sha512-y/8RcCftGAF24gSp76X2JS3XpHiUvDQyhF8i7ujemBz77hwiHDuJzftHx7thY8cxGogwGiPJ+o97kWB6eAXnsA=="],

    "lit": ["lit@3.3.0", "", { "dependencies": { "@lit/reactive-element": "^2.1.0", "lit-element": "^4.2.0", "lit-html": "^3.3.0" } }, "sha512-DGVsqsOIHBww2DqnuZzW7QsuCdahp50ojuDaBPC7jUDRpYoH0z7kHBBYZewRzer75FwtrkmkKk7iOAwSaWdBmw=="],

    "lit-element": ["lit-element@4.2.0", "", { "dependencies": { "@lit-labs/ssr-dom-shim": "^1.2.0", "@lit/reactive-element": "^2.1.0", "lit-html": "^3.3.0" } }, "sha512-MGrXJVAI5x+Bfth/pU9Kst1iWID6GHDLEzFEnyULB/sFiRLgkd8NPK/PeeXxktA3T6EIIaq8U3KcbTU5XFcP2Q=="],

    "lit-html": ["lit-html@3.3.0", "", { "dependencies": { "@types/trusted-types": "^2.0.2" } }, "sha512-RHoswrFAxY2d8Cf2mm4OZ1DgzCoBKUKSPvA1fhtSELxUERq2aQQ2h05pO9j81gS1o7RIRJ+CePLogfyahwmynw=="],

    "lodash-es": ["lodash-es@4.17.21", "", {}, "sha512-mKnC+QJ9pWVzv+C4/U3rRsHapFfHvQFoFB92e52xeyGMcX6/OlIl78je1u8vePzYZSkkogMPJ2yjxxsb89cxyw=="],

    "luxon": ["luxon@3.6.1", "", {}, "sha512-tJLxrKJhO2ukZ5z0gyjY1zPh3Rh88Ej9P7jNrZiHMUXHae1yvI2imgOZtL1TO8TW6biMMKfTtAOoEJANgtWBMQ=="],

    "marked": ["marked@15.0.12", "", { "bin": { "marked": "bin/marked.js" } }, "sha512-8dD6FusOQSrpv9Z1rdNMdlSgQOIP880DHqnohobOmYLElGEqAL/JvxvuxZO16r4HtjTlfPRDC1hbvxC9dPN2nA=="],

    "node-domexception": ["node-domexception@1.0.0", "", {}, "sha512-/jKZoMpw0F8GRwl4/eLROPA3cfcXtLApP0QzLmUT/HuPCZWyB7IY9ZrMeKw2O/nFIqPQB3PVM9aYm0F312AXDQ=="],

    "node-fetch": ["node-fetch@3.3.2", "", { "dependencies": { "data-uri-to-buffer": "^4.0.0", "fetch-blob": "^3.1.4", "formdata-polyfill": "^4.0.10" } }, "sha512-dRB78srN/l6gqWulah9SrxeYnxeddIG30+GOqK/9OlLVyLg3HPnr6SqOWTWOXKRwC2eGYCkZ59NNuSgvSrpgOA=="],

    "parse5": ["parse5@7.3.0", "", { "dependencies": { "entities": "^6.0.0" } }, "sha512-IInvU7fabl34qmi9gY8XOVxhYyMyuH2xUNpb2q8/Y+7552KlejkRvqvD19nMoUW/uQGGbqNpA6Tufu5FL5BZgw=="],

    "sortablejs": ["sortablejs@1.15.6", "", {}, "sha512-aNfiuwMEpfBM/CN6LY0ibyhxPfPbyFeBTYJKCvzkJ2GkUpazIt3H+QIPAMHwqQ7tMKaHz1Qj+rJJCqljnf4p3A=="],

    "tabbable": ["tabbable@6.2.0", "", {}, "sha512-Cat63mxsVJlzYvN51JmVXIgNoUokrIaT2zLclCXjRd8boZ0004U4KCs/sToJ75C6sdlByWxpYnb5Boif1VSFew=="],

    "tapable": ["tapable@2.2.2", "", {}, "sha512-Re10+NauLTMCudc7T5WLFLAwDhQ0JWdrMK+9B2M8zR5hRExKmsRDCBA7/aV/pNJFltmBFO5BAMlQFi/vq3nKOg=="],

    "timezone-groups": ["timezone-groups@0.10.4", "", {}, "sha512-AnkJYrbb7uPkDCEqGeVJiawZNiwVlSkkeX4jZg1gTEguClhyX+/Ezn07KB6DT29tG3UN418ldmS/W6KqGOTDjg=="],

    "tslib": ["tslib@2.8.1", "", {}, "sha512-oJFu94HQb+KVduSUQL7wnpmqnfmLsOA/nAh6b6EH0wCEoK0/mPeXU6c3wKDV83MkOuHPRHtSXKKU99IBazS/2w=="],

    "type-fest": ["type-fest@4.41.0", "", {}, "sha512-TeTSQ6H5YHvpqVwBRcnLDCBnDOHWYu7IvGbHT6N8AOymcr9PJGjc1GTtiWZTYg0NCgYwvnYWEkVChQAr9bjfwA=="],

    "typescript": ["typescript@5.8.3", "", { "bin": { "tsc": "bin/tsc", "tsserver": "bin/tsserver" } }, "sha512-p1diW6TqL9L07nNxvRMM7hMMw4c5XOo/1ibL4aAIGmSAt9slTE1Xgw5KWuof2uTOvCg9BY7ZRi+GaF+7sfgPeQ=="],

    "undici-types": ["undici-types@7.8.0", "", {}, "sha512-9UJ2xGDvQ43tYyVMpuHlsgApydB8ZKfVYTsLDhXkFL/6gfkp+U8xTGdh8pMJv1SpZna0zxG1DwsKZsreLbXBxw=="],

    "web-streams-polyfill": ["web-streams-polyfill@3.3.3", "", {}, "sha512-d2JWLCivmZYTSIoge9MsgFCZrt571BikcWGYkjC1khllbTeDlGqZ2D8vD8E/lJa8WGWbb7Plm8/XJYV7IJHZZw=="],

    "xss": ["xss@1.0.13", "", { "dependencies": { "commander": "^2.20.3", "cssfilter": "0.0.10" }, "bin": { "xss": "bin/xss" } }, "sha512-clu7dxTm1e8Mo5fz3n/oW3UCXBfV89xZ72jM8yzo1vR/pIS0w3sgB3XV2H8Vm6zfGnHL0FzvLJPJEBhd86/z4Q=="],

    "@lit-labs/ssr/@types/node": ["@types/node@16.18.126", "", {}, "sha512-OTcgaiwfGFBKacvfwuHzzn1KLxH/er8mluiy8/uM3sGXHaRe73RrSIj01jow9t4kJEW633Ov+cOexXeiApTyAw=="],
  }
}
